
Microsoft Visual Studio Solution File, Format Version 12.00
# Visual Studio Version 17
VisualStudioVersion = 17.12.35527.113 d17.12
MinimumVisualStudioVersion = 10.0.40219.1
Project("{FAE04EC0-301F-11D3-BF4B-00C04F79EFBC}") = "PrimeiroProjetoAgoraVai", "PrimeiroProjetoAgoraVai\PrimeiroProjetoAgoraVai.csproj", "{D389B06D-7BFD-4CD5-9E05-BA62C5EB673C}"
EndProject
Global
	GlobalSection(SolutionConfigurationPlatforms) = preSolution
		Debug|Any CPU = Debug|Any CPU
		Release|Any CPU = Release|Any CPU
	EndGlobalSection
	GlobalSection(ProjectConfigurationPlatforms) = postSolution
		{D389B06D-7BFD-4CD5-9E05-BA62C5EB673C}.Debug|Any CPU.ActiveCfg = Debug|Any CPU
		{D389B06D-7BFD-4CD5-9E05-BA62C5EB673C}.Debug|Any CPU.Build.0 = Debug|Any CPU
		{D389B06D-7BFD-4CD5-9E05-BA62C5EB673C}.Release|Any CPU.ActiveCfg = Release|Any CPU
		{D389B06D-7BFD-4CD5-9E05-BA62C5EB673C}.Release|Any CPU.Build.0 = Release|Any CPU
	EndGlobalSection
	GlobalSection(SolutionProperties) = preSolution
		HideSolutionNode = FALSE
	EndGlobalSection
EndGlobal
